
Microsoft Visual Studio Solution File, Format Version 12.00
# Visual Studio Version 17
VisualStudioVersion = 17.5.33414.496
MinimumVisualStudioVersion = 10.0.40219.1
Project("{2150E333-8FDC-42A3-9474-1A3956D46DE8}") = "S - Single Responsibility Principle", "S - Single Responsibility Principle", "{3106CCAD-5C3B-4A3E-A901-C0041EA44A0E}"
EndProject
Project("{2150E333-8FDC-42A3-9474-1A3956D46DE8}") = "O - Open Closed Principle", "O - Open Closed Principle", "{EA8824E3-A6E4-4958-8954-8CE5827B849D}"
EndProject
Project("{2150E333-8FDC-42A3-9474-1A3956D46DE8}") = "I - Interface Segregation Principle", "I - Interface Segregation Principle", "{BC6A19B4-6265-4DD2-A53C-378D98DBA45A}"
EndProject
Project("{2150E333-8FDC-42A3-9474-1A3956D46DE8}") = "D - Dependency Inversion Principle", "D - Dependency Inversion Principle", "{DD150729-A4A7-4A7C-B2A9-859A93B35ECB}"
EndProject
Project("{2150E333-8FDC-42A3-9474-1A3956D46DE8}") = "L - Liskov Substitution Principle", "L - Liskov Substitution Principle", "{F78C00E0-4745-4609-B965-E7CC6E675779}"
EndProject
Project("{FAE04EC0-301F-11D3-BF4B-00C04F79EFBC}") = "Srp", "Srp\Srp.csproj", "{17993C57-8D82-4BD6-8D87-F91A18594575}"
EndProject
Project("{FAE04EC0-301F-11D3-BF4B-00C04F79EFBC}") = "Srp_Refactored", "Srp_Refactored\Srp_Refactored.csproj", "{19454AA8-30FA-40BB-AF74-89E4CDE57562}"
EndProject
Project("{FAE04EC0-301F-11D3-BF4B-00C04F79EFBC}") = "Ocp", "Ocp\Ocp.csproj", "{27EA1440-09EC-4D37-91E7-16F33CBD4274}"
EndProject
Global
	GlobalSection(SolutionConfigurationPlatforms) = preSolution
		Debug|Any CPU = Debug|Any CPU
		Release|Any CPU = Release|Any CPU
	EndGlobalSection
	GlobalSection(ProjectConfigurationPlatforms) = postSolution
		{17993C57-8D82-4BD6-8D87-F91A18594575}.Debug|Any CPU.ActiveCfg = Debug|Any CPU
		{17993C57-8D82-4BD6-8D87-F91A18594575}.Debug|Any CPU.Build.0 = Debug|Any CPU
		{17993C57-8D82-4BD6-8D87-F91A18594575}.Release|Any CPU.ActiveCfg = Release|Any CPU
		{17993C57-8D82-4BD6-8D87-F91A18594575}.Release|Any CPU.Build.0 = Release|Any CPU
		{19454AA8-30FA-40BB-AF74-89E4CDE57562}.Debug|Any CPU.ActiveCfg = Debug|Any CPU
		{19454AA8-30FA-40BB-AF74-89E4CDE57562}.Debug|Any CPU.Build.0 = Debug|Any CPU
		{19454AA8-30FA-40BB-AF74-89E4CDE57562}.Release|Any CPU.ActiveCfg = Release|Any CPU
		{19454AA8-30FA-40BB-AF74-89E4CDE57562}.Release|Any CPU.Build.0 = Release|Any CPU
		{27EA1440-09EC-4D37-91E7-16F33CBD4274}.Debug|Any CPU.ActiveCfg = Debug|Any CPU
		{27EA1440-09EC-4D37-91E7-16F33CBD4274}.Debug|Any CPU.Build.0 = Debug|Any CPU
		{27EA1440-09EC-4D37-91E7-16F33CBD4274}.Release|Any CPU.ActiveCfg = Release|Any CPU
		{27EA1440-09EC-4D37-91E7-16F33CBD4274}.Release|Any CPU.Build.0 = Release|Any CPU
	EndGlobalSection
	GlobalSection(SolutionProperties) = preSolution
		HideSolutionNode = FALSE
	EndGlobalSection
	GlobalSection(NestedProjects) = preSolution
		{17993C57-8D82-4BD6-8D87-F91A18594575} = {3106CCAD-5C3B-4A3E-A901-C0041EA44A0E}
		{19454AA8-30FA-40BB-AF74-89E4CDE57562} = {3106CCAD-5C3B-4A3E-A901-C0041EA44A0E}
		{27EA1440-09EC-4D37-91E7-16F33CBD4274} = {EA8824E3-A6E4-4958-8954-8CE5827B849D}
	EndGlobalSection
	GlobalSection(ExtensibilityGlobals) = postSolution
		SolutionGuid = {C3F008A1-14F2-40D3-99C4-104003B88EFC}
	EndGlobalSection
EndGlobal
